
Microsoft Visual Studio Solution File, Format Version 12.00
# Visual Studio Version 17
VisualStudioVersion = 17.2.32616.157
MinimumVisualStudioVersion = 10.0.40219.1
Project("{9A19103F-16F7-4668-BE54-9A1E7A4F7556}") = "sosumi-app", "sosumi-app\sosumi-app.csproj", "{82BB1D38-F104-4254-8AC8-DA862C626093}"
EndProject
Global
	GlobalSection(SolutionConfigurationPlatforms) = preSolution
		Debug|Any CPU = Debug|Any CPU
		Release|Any CPU = Release|Any CPU
	EndGlobalSection
	GlobalSection(ProjectConfigurationPlatforms) = postSolution
		{82BB1D38-F104-4254-8AC8-DA862C626093}.Debug|Any CPU.ActiveCfg = Debug|Any CPU
		{82BB1D38-F104-4254-8AC8-DA862C626093}.Debug|Any CPU.Build.0 = Debug|Any CPU
		{82BB1D38-F104-4254-8AC8-DA862C626093}.Release|Any CPU.ActiveCfg = Release|Any CPU
		{82BB1D38-F104-4254-8AC8-DA862C626093}.Release|Any CPU.Build.0 = Release|Any CPU
	EndGlobalSection
	GlobalSection(SolutionProperties) = preSolution
		HideSolutionNode = FALSE
	EndGlobalSection
	GlobalSection(ExtensibilityGlobals) = postSolution
		SolutionGuid = {90FBCEB4-71AF-4C30-B61A-543229046751}
	EndGlobalSection
EndGlobal
